
Microsoft Visual Studio Solution File, Format Version 12.00
# Visual Studio Version 17
VisualStudioVersion = 17.0.32112.339
MinimumVisualStudioVersion = 10.0.40219.1
Project("{FAE04EC0-301F-11D3-BF4B-00C04F79EFBC}") = "Coding4FunWorkshop", "Coding4FunWorkshop.csproj", "{35802DE1-93FD-4C5C-8C78-06EEFEB61515}"
EndProject
Global
	GlobalSection(SolutionConfigurationPlatforms) = preSolution
		Debug|Any CPU = Debug|Any CPU
		Release|Any CPU = Release|Any CPU
	EndGlobalSection
	GlobalSection(ProjectConfigurationPlatforms) = postSolution
		{35802DE1-93FD-4C5C-8C78-06EEFEB61515}.Debug|Any CPU.ActiveCfg = Debug|Any CPU
		{35802DE1-93FD-4C5C-8C78-06EEFEB61515}.Debug|Any CPU.Build.0 = Debug|Any CPU
		{35802DE1-93FD-4C5C-8C78-06EEFEB61515}.Release|Any CPU.ActiveCfg = Release|Any CPU
		{35802DE1-93FD-4C5C-8C78-06EEFEB61515}.Release|Any CPU.Build.0 = Release|Any CPU
	EndGlobalSection
	GlobalSection(SolutionProperties) = preSolution
		HideSolutionNode = FALSE
	EndGlobalSection
	GlobalSection(ExtensibilityGlobals) = postSolution
		SolutionGuid = {EDF8A165-548E-494B-A52B-515B0EB9B9A4}
	EndGlobalSection
EndGlobal
